Microsoft Visual Studio Solution File, Format Version 12.00
# Visual Studio Version 17
VisualStudioVersion = 17.5.2.0
MinimumVisualStudioVersion = 10.0.40219.1
Project("{FAE04EC0-301F-11D3-BF4B-00C04F79EFBC}") = "ProyectoZoo", "ProyectoZoo.csproj", "{E49C9DF7-C1D5-5E22-7A7C-9B788D3F1661}"
EndProject
Global
	GlobalSection(SolutionConfigurationPlatforms) = preSolution
		Debug|Any CPU = Debug|Any CPU
		Release|Any CPU = Release|Any CPU
	EndGlobalSection
	GlobalSection(ProjectConfigurationPlatforms) = postSolution
		{E49C9DF7-C1D5-5E22-7A7C-9B788D3F1661}.Debug|Any CPU.ActiveCfg = Debug|Any CPU
		{E49C9DF7-C1D5-5E22-7A7C-9B788D3F1661}.Debug|Any CPU.Build.0 = Debug|Any CPU
		{E49C9DF7-C1D5-5E22-7A7C-9B788D3F1661}.Release|Any CPU.ActiveCfg = Release|Any CPU
		{E49C9DF7-C1D5-5E22-7A7C-9B788D3F1661}.Release|Any CPU.Build.0 = Release|Any CPU
	EndGlobalSection
	GlobalSection(SolutionProperties) = preSolution
		HideSolutionNode = FALSE
	EndGlobalSection
	GlobalSection(ExtensibilityGlobals) = postSolution
		SolutionGuid = {97B8F357-C522-4E34-8F8F-E0DB1D21FBB4}
	EndGlobalSection
EndGlobal
